
Microsoft Visual Studio Solution File, Format Version 12.00
# Visual Studio 14
VisualStudioVersion = 14.0.25420.1
MinimumVisualStudioVersion = 10.0.40219.1
Project("{159641D6-6404-4A2A-AE62-294DE0FE8301}") = "FraudTransactions.ETL", "FraudTransactions.ETL\FraudTransactions.ETL.dtproj", "{FFC2D46C-D0F6-466F-B124-28B4381181BC}"
EndProject
Global
	GlobalSection(SolutionConfigurationPlatforms) = preSolution
		Development|Default = Development|Default
	EndGlobalSection
	GlobalSection(ProjectConfigurationPlatforms) = postSolution
		{FFC2D46C-D0F6-466F-B124-28B4381181BC}.Development|Default.ActiveCfg = Development
		{FFC2D46C-D0F6-466F-B124-28B4381181BC}.Development|Default.Build.0 = Development
	EndGlobalSection
	GlobalSection(SolutionProperties) = preSolution
		HideSolutionNode = FALSE
	EndGlobalSection
EndGlobal
